
Microsoft Visual Studio Solution File, Format Version 12.00
# Visual Studio Version 17
VisualStudioVersion = 17.5.33502.453
MinimumVisualStudioVersion = 10.0.40219.1
Project("{9A19103F-16F7-4668-BE54-9A1E7A4F7556}") = "Entities", "Entities\Entities.csproj", "{B3C6AE04-29D5-460D-9979-0E5A4580F44E}"
EndProject
Project("{2150E333-8FDC-42A3-9474-1A3956D46DE8}") = "4 - Entities", "4 - Entities", "{0C30C38D-9239-4CA5-B0A1-BCAD9CBD6AC5}"
EndProject
Project("{2150E333-8FDC-42A3-9474-1A3956D46DE8}") = "1 - APIs", "1 - APIs", "{3C758439-40FA-4746-9742-DB3BE5D62E1B}"
EndProject
Project("{2150E333-8FDC-42A3-9474-1A3956D46DE8}") = "2 - Domain", "2 - Domain", "{0FD8DCCD-4914-4219-8DF7-415C057438D0}"
EndProject
Project("{2150E333-8FDC-42A3-9474-1A3956D46DE8}") = "3 - Infrastructure", "3 - Infrastructure", "{A8D3943B-E9DC-4E04-871A-57F357902C53}"
EndProject
Project("{2150E333-8FDC-42A3-9474-1A3956D46DE8}") = "5 - Test", "5 - Test", "{B28AF39B-8ADE-44C2-81BF-E8F1FF923BB4}"
EndProject
Project("{9A19103F-16F7-4668-BE54-9A1E7A4F7556}") = "Infrastructure", "Infrastructure\Infrastructure.csproj", "{AFB3851A-7A81-4851-96FD-739BF96AED3F}"
EndProject
Project("{9A19103F-16F7-4668-BE54-9A1E7A4F7556}") = "Domain", "Domain\Domain.csproj", "{F04BDB38-8777-4EA2-A8B3-00F33F76EECE}"
EndProject
Project("{9A19103F-16F7-4668-BE54-9A1E7A4F7556}") = "WebAPI", "WebAPIs\WebAPI.csproj", "{4F3148DD-C750-4342-9328-5FB03BE17608}"
	ProjectSection(ProjectDependencies) = postProject
		{B3C6AE04-29D5-460D-9979-0E5A4580F44E} = {B3C6AE04-29D5-460D-9979-0E5A4580F44E}
		{F04BDB38-8777-4EA2-A8B3-00F33F76EECE} = {F04BDB38-8777-4EA2-A8B3-00F33F76EECE}
	EndProjectSection
EndProject
Project("{9A19103F-16F7-4668-BE54-9A1E7A4F7556}") = "TestProject-Api", "TestProject-Api\TestProject-Api.csproj", "{9C9B52A1-35BD-46F5-A6E2-C834E3348698}"
EndProject
Project("{2150E333-8FDC-42A3-9474-1A3956D46DE8}") = "Solution Items", "Solution Items", "{9ACF524B-E6B8-4CCA-B669-AA5C9DA1A76A}"
	ProjectSection(SolutionItems) = preProject
		.editorconfig = .editorconfig
	EndProjectSection
EndProject
Global
	GlobalSection(SolutionConfigurationPlatforms) = preSolution
		Debug|Any CPU = Debug|Any CPU
		Release|Any CPU = Release|Any CPU
	EndGlobalSection
	GlobalSection(ProjectConfigurationPlatforms) = postSolution
		{B3C6AE04-29D5-460D-9979-0E5A4580F44E}.Debug|Any CPU.ActiveCfg = Debug|Any CPU
		{B3C6AE04-29D5-460D-9979-0E5A4580F44E}.Debug|Any CPU.Build.0 = Debug|Any CPU
		{B3C6AE04-29D5-460D-9979-0E5A4580F44E}.Release|Any CPU.ActiveCfg = Release|Any CPU
		{B3C6AE04-29D5-460D-9979-0E5A4580F44E}.Release|Any CPU.Build.0 = Release|Any CPU
		{AFB3851A-7A81-4851-96FD-739BF96AED3F}.Debug|Any CPU.ActiveCfg = Debug|Any CPU
		{AFB3851A-7A81-4851-96FD-739BF96AED3F}.Debug|Any CPU.Build.0 = Debug|Any CPU
		{AFB3851A-7A81-4851-96FD-739BF96AED3F}.Release|Any CPU.ActiveCfg = Release|Any CPU
		{AFB3851A-7A81-4851-96FD-739BF96AED3F}.Release|Any CPU.Build.0 = Release|Any CPU
		{F04BDB38-8777-4EA2-A8B3-00F33F76EECE}.Debug|Any CPU.ActiveCfg = Debug|Any CPU
		{F04BDB38-8777-4EA2-A8B3-00F33F76EECE}.Debug|Any CPU.Build.0 = Debug|Any CPU
		{F04BDB38-8777-4EA2-A8B3-00F33F76EECE}.Release|Any CPU.ActiveCfg = Release|Any CPU
		{F04BDB38-8777-4EA2-A8B3-00F33F76EECE}.Release|Any CPU.Build.0 = Release|Any CPU
		{4F3148DD-C750-4342-9328-5FB03BE17608}.Debug|Any CPU.ActiveCfg = Debug|Any CPU
		{4F3148DD-C750-4342-9328-5FB03BE17608}.Debug|Any CPU.Build.0 = Debug|Any CPU
		{4F3148DD-C750-4342-9328-5FB03BE17608}.Release|Any CPU.ActiveCfg = Release|Any CPU
		{4F3148DD-C750-4342-9328-5FB03BE17608}.Release|Any CPU.Build.0 = Release|Any CPU
		{9C9B52A1-35BD-46F5-A6E2-C834E3348698}.Debug|Any CPU.ActiveCfg = Debug|Any CPU
		{9C9B52A1-35BD-46F5-A6E2-C834E3348698}.Debug|Any CPU.Build.0 = Debug|Any CPU
		{9C9B52A1-35BD-46F5-A6E2-C834E3348698}.Release|Any CPU.ActiveCfg = Release|Any CPU
		{9C9B52A1-35BD-46F5-A6E2-C834E3348698}.Release|Any CPU.Build.0 = Release|Any CPU
	EndGlobalSection
	GlobalSection(SolutionProperties) = preSolution
		HideSolutionNode = FALSE
	EndGlobalSection
	GlobalSection(NestedProjects) = preSolution
		{B3C6AE04-29D5-460D-9979-0E5A4580F44E} = {0C30C38D-9239-4CA5-B0A1-BCAD9CBD6AC5}
		{AFB3851A-7A81-4851-96FD-739BF96AED3F} = {A8D3943B-E9DC-4E04-871A-57F357902C53}
		{F04BDB38-8777-4EA2-A8B3-00F33F76EECE} = {0FD8DCCD-4914-4219-8DF7-415C057438D0}
		{4F3148DD-C750-4342-9328-5FB03BE17608} = {3C758439-40FA-4746-9742-DB3BE5D62E1B}
		{9C9B52A1-35BD-46F5-A6E2-C834E3348698} = {B28AF39B-8ADE-44C2-81BF-E8F1FF923BB4}
	EndGlobalSection
	GlobalSection(ExtensibilityGlobals) = postSolution
		SolutionGuid = {9A26B781-F539-4234-BB19-8D268D514611}
	EndGlobalSection
EndGlobal
